
Microsoft Visual Studio Solution File, Format Version 12.00
# Visual Studio 2013
VisualStudioVersion = 12.0.21005.1
MinimumVisualStudioVersion = 10.0.40219.1
Project("{FAE04EC0-301F-11D3-BF4B-00C04F79EFBC}") = "CosmicAdventureDTO", "CosmicAdventureDTO\CosmicAdventureDTO.csproj", "{137B20D1-3591-4360-B208-ADEFBA257500}"
EndProject
Project("{FAE04EC0-301F-11D3-BF4B-00C04F79EFBC}") = "CosmicAdventure", "CosmicAdventure\CosmicAdventure.csproj", "{073FAE5B-37BC-40F2-8C82-786555FF443E}"
EndProject
Global
	GlobalSection(SolutionConfigurationPlatforms) = preSolution
		Debug|Any CPU = Debug|Any CPU
		Release|Any CPU = Release|Any CPU
	EndGlobalSection
	GlobalSection(ProjectConfigurationPlatforms) = postSolution
		{137B20D1-3591-4360-B208-ADEFBA257500}.Debug|Any CPU.ActiveCfg = Debug|Any CPU
		{137B20D1-3591-4360-B208-ADEFBA257500}.Debug|Any CPU.Build.0 = Debug|Any CPU
		{137B20D1-3591-4360-B208-ADEFBA257500}.Release|Any CPU.ActiveCfg = Release|Any CPU
		{137B20D1-3591-4360-B208-ADEFBA257500}.Release|Any CPU.Build.0 = Release|Any CPU
		{073FAE5B-37BC-40F2-8C82-786555FF443E}.Debug|Any CPU.ActiveCfg = Debug|Any CPU
		{073FAE5B-37BC-40F2-8C82-786555FF443E}.Debug|Any CPU.Build.0 = Debug|Any CPU
		{073FAE5B-37BC-40F2-8C82-786555FF443E}.Release|Any CPU.ActiveCfg = Release|Any CPU
		{073FAE5B-37BC-40F2-8C82-786555FF443E}.Release|Any CPU.Build.0 = Release|Any CPU
	EndGlobalSection
	GlobalSection(SolutionProperties) = preSolution
		HideSolutionNode = FALSE
	EndGlobalSection
EndGlobal
